
Microsoft Visual Studio Solution File, Format Version 12.00
Project("{FAE04EC0-301F-11D3-BF4B-00C04F79EFBC}") = "Day1", "Day1\Day1.csproj", "{29E2689A-0E69-462B-ADAF-61EEE0B7DE4A}"
EndProject
Project("{FAE04EC0-301F-11D3-BF4B-00C04F79EFBC}") = "Day2", "Day2\Day2.csproj", "{C0B28E33-81E2-4136-9C4B-255DBF52FB41}"
EndProject
Project("{FAE04EC0-301F-11D3-BF4B-00C04F79EFBC}") = "Day3", "Day3\Day3.csproj", "{2D3245D6-6E2D-4DCB-B7A1-C8776A38C698}"
EndProject
Project("{FAE04EC0-301F-11D3-BF4B-00C04F79EFBC}") = "Day4", "Day4\Day4.csproj", "{3E652153-F987-43C4-BC54-20DD6979943F}"
EndProject
Project("{FAE04EC0-301F-11D3-BF4B-00C04F79EFBC}") = "Helpers", "Helpers\Helpers.csproj", "{032A5635-466F-47C0-AEDE-31BCCB173BCC}"
EndProject
Project("{FAE04EC0-301F-11D3-BF4B-00C04F79EFBC}") = "Day5", "Day5\Day5.csproj", "{A46DFB16-1D4B-4AD0-AD30-B38361EA956F}"
EndProject
Project("{FAE04EC0-301F-11D3-BF4B-00C04F79EFBC}") = "Day6", "Day6\Day6.csproj", "{FA52740B-87F8-410E-825C-B335705D2C8E}"
EndProject
Global
	GlobalSection(SolutionConfigurationPlatforms) = preSolution
		Debug|Any CPU = Debug|Any CPU
		Release|Any CPU = Release|Any CPU
	EndGlobalSection
	GlobalSection(ProjectConfigurationPlatforms) = postSolution
		{29E2689A-0E69-462B-ADAF-61EEE0B7DE4A}.Debug|Any CPU.ActiveCfg = Debug|Any CPU
		{29E2689A-0E69-462B-ADAF-61EEE0B7DE4A}.Debug|Any CPU.Build.0 = Debug|Any CPU
		{29E2689A-0E69-462B-ADAF-61EEE0B7DE4A}.Release|Any CPU.ActiveCfg = Release|Any CPU
		{29E2689A-0E69-462B-ADAF-61EEE0B7DE4A}.Release|Any CPU.Build.0 = Release|Any CPU
		{C0B28E33-81E2-4136-9C4B-255DBF52FB41}.Debug|Any CPU.ActiveCfg = Debug|Any CPU
		{C0B28E33-81E2-4136-9C4B-255DBF52FB41}.Debug|Any CPU.Build.0 = Debug|Any CPU
		{C0B28E33-81E2-4136-9C4B-255DBF52FB41}.Release|Any CPU.ActiveCfg = Release|Any CPU
		{C0B28E33-81E2-4136-9C4B-255DBF52FB41}.Release|Any CPU.Build.0 = Release|Any CPU
		{3E652153-F987-43C4-BC54-20DD6979943F}.Debug|Any CPU.ActiveCfg = Debug|Any CPU
		{3E652153-F987-43C4-BC54-20DD6979943F}.Debug|Any CPU.Build.0 = Debug|Any CPU
		{3E652153-F987-43C4-BC54-20DD6979943F}.Release|Any CPU.ActiveCfg = Release|Any CPU
		{3E652153-F987-43C4-BC54-20DD6979943F}.Release|Any CPU.Build.0 = Release|Any CPU
		{2D3245D6-6E2D-4DCB-B7A1-C8776A38C698}.Debug|Any CPU.ActiveCfg = Debug|Any CPU
		{2D3245D6-6E2D-4DCB-B7A1-C8776A38C698}.Debug|Any CPU.Build.0 = Debug|Any CPU
		{032A5635-466F-47C0-AEDE-31BCCB173BCC}.Debug|Any CPU.ActiveCfg = Debug|Any CPU
		{032A5635-466F-47C0-AEDE-31BCCB173BCC}.Debug|Any CPU.Build.0 = Debug|Any CPU
		{032A5635-466F-47C0-AEDE-31BCCB173BCC}.Release|Any CPU.ActiveCfg = Release|Any CPU
		{032A5635-466F-47C0-AEDE-31BCCB173BCC}.Release|Any CPU.Build.0 = Release|Any CPU
		{A46DFB16-1D4B-4AD0-AD30-B38361EA956F}.Debug|Any CPU.ActiveCfg = Debug|Any CPU
		{A46DFB16-1D4B-4AD0-AD30-B38361EA956F}.Debug|Any CPU.Build.0 = Debug|Any CPU
		{A46DFB16-1D4B-4AD0-AD30-B38361EA956F}.Release|Any CPU.ActiveCfg = Release|Any CPU
		{A46DFB16-1D4B-4AD0-AD30-B38361EA956F}.Release|Any CPU.Build.0 = Release|Any CPU
		{FA52740B-87F8-410E-825C-B335705D2C8E}.Debug|Any CPU.ActiveCfg = Debug|Any CPU
		{FA52740B-87F8-410E-825C-B335705D2C8E}.Debug|Any CPU.Build.0 = Debug|Any CPU
		{FA52740B-87F8-410E-825C-B335705D2C8E}.Release|Any CPU.ActiveCfg = Release|Any CPU
		{FA52740B-87F8-410E-825C-B335705D2C8E}.Release|Any CPU.Build.0 = Release|Any CPU
	EndGlobalSection
EndGlobal
